
Microsoft Visual Studio Solution File, Format Version 12.00
# Visual Studio Version 17
VisualStudioVersion = 17.2.32526.322
MinimumVisualStudioVersion = 10.0.40219.1
Project("{FAE04EC0-301F-11D3-BF4B-00C04F79EFBC}") = "ClientInventoryRL", "ClientInventoryRL\ClientInventoryRL.csproj", "{07876BDB-29F4-4B06-82D8-24B5204B15BF}"
EndProject
Global
	GlobalSection(SolutionConfigurationPlatforms) = preSolution
		Debug|Any CPU = Debug|Any CPU
		Release|Any CPU = Release|Any CPU
	EndGlobalSection
	GlobalSection(ProjectConfigurationPlatforms) = postSolution
		{07876BDB-29F4-4B06-82D8-24B5204B15BF}.Debug|Any CPU.ActiveCfg = Debug|Any CPU
		{07876BDB-29F4-4B06-82D8-24B5204B15BF}.Debug|Any CPU.Build.0 = Debug|Any CPU
		{07876BDB-29F4-4B06-82D8-24B5204B15BF}.Release|Any CPU.ActiveCfg = Release|Any CPU
		{07876BDB-29F4-4B06-82D8-24B5204B15BF}.Release|Any CPU.Build.0 = Release|Any CPU
	EndGlobalSection
	GlobalSection(SolutionProperties) = preSolution
		HideSolutionNode = FALSE
	EndGlobalSection
	GlobalSection(ExtensibilityGlobals) = postSolution
		SolutionGuid = {AF833E20-EB76-495A-9273-7CAA3FAACA9F}
	EndGlobalSection
EndGlobal
